
Microsoft Visual Studio Solution File, Format Version 12.00
# Visual Studio Version 17
VisualStudioVersion = 17.8.34525.116
MinimumVisualStudioVersion = 10.0.40219.1
Project("{9A19103F-16F7-4668-BE54-9A1E7A4F7556}") = "Churchee.Common", "src\Churchee.Common\Churchee.Common.csproj", "{A62FBC0D-8B53-4C72-BD7C-0F69CD5E9A97}"
EndProject
Project("{2150E333-8FDC-42A3-9474-1A3956D46DE8}") = "01. Core", "01. Core", "{F8E51249-6D0B-4EFE-906D-B263DDAA322B}"
EndProject
Project("{2150E333-8FDC-42A3-9474-1A3956D46DE8}") = "02. Modules", "02. Modules", "{C4D09CE5-B353-466C-85D4-A0CD5523645A}"
EndProject
Project("{9A19103F-16F7-4668-BE54-9A1E7A4F7556}") = "Churchee.Module.Identity", "src\Churchee.Module.Identity\Churchee.Module.Identity.csproj", "{4A7962B5-82CF-49EA-B879-3815E76F8951}"
EndProject
Project("{9A19103F-16F7-4668-BE54-9A1E7A4F7556}") = "Churchee.Module.UI", "src\Churchee.Module.UI\Churchee.Module.UI.csproj", "{CF8AD5AC-A765-4F9E-A5EE-937BE7E3145D}"
EndProject
Project("{2150E333-8FDC-42A3-9474-1A3956D46DE8}") = "05. Presentation", "05. Presentation", "{749A1ACB-BC82-4837-BF45-80805734080C}"
EndProject
Project("{9A19103F-16F7-4668-BE54-9A1E7A4F7556}") = "Churchee.Presentation.Admin", "src\Churchee.Presentation.Admin\Churchee.Presentation.Admin.csproj", "{6D4E9906-8320-4494-A6FD-F7990D23C238}"
EndProject
Project("{2150E333-8FDC-42A3-9474-1A3956D46DE8}") = "03. Infrastructure", "03. Infrastructure", "{4486B06F-87D4-4920-90BC-5F15BA7376F4}"
EndProject
Project("{9A19103F-16F7-4668-BE54-9A1E7A4F7556}") = "Churchee.Module.Tenancy", "src\Churchee.Module.Tenancy\Churchee.Module.Tenancy.csproj", "{08CDE956-2858-43AC-97BC-D2CF46CB9295}"
EndProject
Project("{E53339B2-1760-4266-BCC7-CA923CBCF16C}") = "docker-compose", "docker-compose.dcproj", "{A1F211C2-1B63-4021-882F-2980016C4577}"
EndProject
Project("{9A19103F-16F7-4668-BE54-9A1E7A4F7556}") = "Churchee.Blobstorage.Providers", "src\Churchee.Blobstorage.Providers\Churchee.Blobstorage.Providers.csproj", "{2BC36094-ABD5-41BC-B569-30E7381A651D}"
EndProject
Project("{9A19103F-16F7-4668-BE54-9A1E7A4F7556}") = "Churchee.ImageProcessing", "src\Churchee.ImageProcessing\Churchee.ImageProcessing.csproj", "{E717164B-4BEB-4BD1-800D-5781C6E8A845}"
EndProject
Project("{2150E333-8FDC-42A3-9474-1A3956D46DE8}") = "04. Integrations", "04. Integrations", "{E3751D10-04F1-4E02-B6A2-9BFDB4AAB851}"
EndProject
Project("{9A19103F-16F7-4668-BE54-9A1E7A4F7556}") = "Churchee.Module.Podcasts", "src\Churchee.Module.Podcasts\Churchee.Module.Podcasts.csproj", "{648FF08E-3D4D-4DB2-8A4A-BE37A044C629}"
EndProject
Project("{9A19103F-16F7-4668-BE54-9A1E7A4F7556}") = "Churchee.Module.Settings", "src\Churchee.Module.Settings\Churchee.Module.Settings.csproj", "{8F2AF52D-A76C-43C8-A513-4DAFE6B9D4B5}"
EndProject
Project("{9A19103F-16F7-4668-BE54-9A1E7A4F7556}") = "Churchee.Module.Tokens", "src\Churchee.Module.Tokens\Churchee.Module.Tokens.csproj", "{75CF0356-6DF2-4FAB-BBE2-9D58F991B586}"
EndProject
Project("{9A19103F-16F7-4668-BE54-9A1E7A4F7556}") = "Churchee.Module.Site", "src\Churchee.Module.Site\Churchee.Module.Site.csproj", "{E3BABF7D-70F1-4447-8CF8-4A3B578645C9}"
EndProject
Project("{9A19103F-16F7-4668-BE54-9A1E7A4F7556}") = "Churchee.Module.Events", "src\Churchee.Module.Events\Churchee.Module.Events.csproj", "{C859277C-495F-499E-80ED-BC6B083BC302}"
EndProject
Project("{9A19103F-16F7-4668-BE54-9A1E7A4F7556}") = "Churchee.Module.Facebook.Events", "src\Churchee.Module.Facebook.Events\Churchee.Module.Facebook.Events.csproj", "{48411FCA-2A9D-4435-B843-27FDCB32B0F6}"
EndProject
Project("{2150E333-8FDC-42A3-9474-1A3956D46DE8}") = "06. Test", "06. Test", "{1FD7F6EF-D918-4F8C-A7B3-D4476B48EE8D}"
EndProject
Project("{9A19103F-16F7-4668-BE54-9A1E7A4F7556}") = "Churchee.Common.Tests", "test\Churchee.Common.Tests\Churchee.Common.Tests.csproj", "{38172A0C-EADB-412C-A1DD-0F37C8AC27D5}"
EndProject
Project("{9A19103F-16F7-4668-BE54-9A1E7A4F7556}") = "Churchee.Module.Site.Tests", "test\Churchee.Module.Site.Tests\Churchee.Module.Site.Tests.csproj", "{BEDDD3B9-E9A9-4FC7-AECC-F9E1CAE092AC}"
EndProject
Project("{2150E333-8FDC-42A3-9474-1A3956D46DE8}") = "01. Core", "01. Core", "{D08B744E-F51D-40B6-A50D-BD238AA20405}"
EndProject
Project("{2150E333-8FDC-42A3-9474-1A3956D46DE8}") = "02. Modules", "02. Modules", "{187811C7-20D5-435D-83B8-042B3227E714}"
EndProject
Project("{9A19103F-16F7-4668-BE54-9A1E7A4F7556}") = "Churchee.Module.Events.Tests", "test\Churchee.Module.Events.Tests\Churchee.Module.Events.Tests.csproj", "{530ED9E8-FF61-4E15-BC71-97E280CCF644}"
EndProject
Project("{9A19103F-16F7-4668-BE54-9A1E7A4F7556}") = "Churchee.Module.Podcasts.Spotify", "src\Churchee.Module.Podcasts.Spotify\Churchee.Module.Podcasts.Spotify.csproj", "{3650CCC3-D9F3-4D5B-98CD-989BB299DDD6}"
EndProject
Project("{9A19103F-16F7-4668-BE54-9A1E7A4F7556}") = "Churchee.Module.Hangfire", "src\Churchee.Module.Hangfire\Churchee.Module.Hangfire.csproj", "{C5623B36-B06B-4891-AD7C-5BE07714EB00}"
EndProject
Project("{9A19103F-16F7-4668-BE54-9A1E7A4F7556}") = "Churchee.Module.Hangfire.Tests", "test\Churchee.Module.Hangfire.Tests\Churchee.Module.Hangfire.Tests.csproj", "{BC3E24F4-7114-43DE-8DD4-D208C55E42A6}"
EndProject
Project("{9A19103F-16F7-4668-BE54-9A1E7A4F7556}") = "Churchee.Module.Identity.Tests", "test\Churchee.Module.Identity.Tests\Churchee.Module.Identity.Tests.csproj", "{E225B9EC-759A-4167-8423-FDBF6C10D624}"
EndProject
Project("{9A19103F-16F7-4668-BE54-9A1E7A4F7556}") = "Churchee.Module.Podcasts.Tests", "test\Churchee.Module.Podcasts.Tests\Churchee.Module.Podcasts.Tests.csproj", "{0D5C5C6D-85AF-4791-914F-247C6DD94DD3}"
EndProject
Project("{2150E333-8FDC-42A3-9474-1A3956D46DE8}") = "03. Infrastructure", "03. Infrastructure", "{4B48BE94-D6FB-438A-BFCB-C098EDD771F3}"
EndProject
Project("{9A19103F-16F7-4668-BE54-9A1E7A4F7556}") = "Churchee.ImageProcessing.Tests", "test\Churchee.ImageProcessing.Tests\Churchee.ImageProcessing.Tests.csproj", "{EBCAB40B-3947-4C86-8EE2-B45A65D999AB}"
EndProject
Project("{9A19103F-16F7-4668-BE54-9A1E7A4F7556}") = "Churchee.Module.Dashboard", "src\Churchee.Module.Dashboard\Churchee.Module.Dashboard.csproj", "{F0F83575-A7C7-40F6-8C8F-E0E7F2C44C16}"
EndProject
Project("{9A19103F-16F7-4668-BE54-9A1E7A4F7556}") = "Churchee.Module.Dashboard.Tests", "test\Churchee.Module.Dashboard.Tests\Churchee.Module.Dashboard.Tests.csproj", "{7FDB01A9-0E57-47EE-A145-31236BB8A793}"
EndProject
Project("{9A19103F-16F7-4668-BE54-9A1E7A4F7556}") = "Churchee.Module.Settings.Tests", "test\Churchee.Module.Settings.Tests\Churchee.Module.Settings.Tests.csproj", "{167DAA1C-1EDE-4D4B-8564-FEC8EFD56899}"
EndProject
Project("{9A19103F-16F7-4668-BE54-9A1E7A4F7556}") = "Churchee.Blobstorage.Providers.Tests", "test\Churchee.Blobstorage.Providers.Tests\Churchee.Blobstorage.Providers.Tests.csproj", "{2E9E3EF2-BA0E-46DD-B0B2-1DA839FDA10E}"
EndProject
Project("{9A19103F-16F7-4668-BE54-9A1E7A4F7556}") = "Churchee.Module.Tokens.Tests", "test\Churchee.Module.Tokens.Tests\Churchee.Module.Tokens.Tests.csproj", "{F9A1B753-ADE8-4B4C-A01B-7877A0A749A2}"
EndProject
Project("{2150E333-8FDC-42A3-9474-1A3956D46DE8}") = "04. Integrations", "04. Integrations", "{332E7AE2-3FD8-4F68-9027-6C48B18ADAB1}"
EndProject
Project("{9A19103F-16F7-4668-BE54-9A1E7A4F7556}") = "Churchee.Module.Podcasts.Spotify.Tests", "test\Churchee.Module.Podcasts.Spotify.Tests\Churchee.Module.Podcasts.Spotify.Tests.csproj", "{9D3F489F-547C-4D2D-A0D0-A9352E5E4035}"
EndProject
Project("{9A19103F-16F7-4668-BE54-9A1E7A4F7556}") = "Churchee.EmailConfiguration.MailGun", "src\Churchee.EmailConfiguration.MailGun\Churchee.EmailConfiguration.MailGun.csproj", "{8320B9B4-577D-44AE-9349-C88CC9D05721}"
EndProject
Project("{FAE04EC0-301F-11D3-BF4B-00C04F79EFBC}") = "Churchee.EmailConfiguration.MailGun.Tests", "test\Churchee.EmailConfiguration.MailGun.Tests\Churchee.EmailConfiguration.MailGun.Tests.csproj", "{B6AA0E71-DF75-4FCC-B154-022146916927}"
EndProject
Project("{FAE04EC0-301F-11D3-BF4B-00C04F79EFBC}") = "Churchee.Module.Tenancy.Tests", "test\Churchee.Module.Tenancy.Tests\Churchee.Module.Tenancy.Tests.csproj", "{3AD18214-7AFA-42CB-8098-3E4BC88F7B35}"
EndProject
Project("{FAE04EC0-301F-11D3-BF4B-00C04F79EFBC}") = "Churchee.Module.X", "src\Churchee.Module.X\Churchee.Module.X.csproj", "{B54F20F3-D89D-D932-ABA8-61B13007E62E}"
EndProject
Project("{FAE04EC0-301F-11D3-BF4B-00C04F79EFBC}") = "Churchee.Module.YouTube", "src\Churchee.Module.YouTube\Churchee.Module.YouTube.csproj", "{4E164CB9-724A-4185-C479-54948DC1BCC8}"
EndProject
Project("{2150E333-8FDC-42A3-9474-1A3956D46DE8}") = "Solution Items", "Solution Items", "{8EC462FD-D22E-90A8-E5CE-7E832BA40C5D}"
	ProjectSection(SolutionItems) = preProject
		.editorconfig = .editorconfig
		exclusion.dic = exclusion.dic
	EndProjectSection
EndProject
Project("{FAE04EC0-301F-11D3-BF4B-00C04F79EFBC}") = "Churchee.Module.Videos", "src\Churchee.Module.Videos\Churchee.Module.Videos.csproj", "{FCB8B851-A7D8-472F-8854-1EC53BEBBE05}"
EndProject
Project("{FAE04EC0-301F-11D3-BF4B-00C04F79EFBC}") = "Churchee.Module.Facebook.Events.Tests", "test\Churchee.Module.Facebook.Events.Tests\Churchee.Module.Facebook.Events.Tests.csproj", "{4317F707-525A-102A-F664-E8CA6CC05588}"
EndProject
Project("{2150E333-8FDC-42A3-9474-1A3956D46DE8}") = "Shared", "Shared", "{02EA681E-C7D8-13C7-8484-4AC65E1B71E8}"
EndProject
Project("{FAE04EC0-301F-11D3-BF4B-00C04F79EFBC}") = "Churchee.Test.Helpers", "test\Churchee.Test.Helpers\Churchee.Test.Helpers.csproj", "{64DE18EB-84E5-46EF-97C4-76CCFD441D7A}"
EndProject
Project("{FAE04EC0-301F-11D3-BF4B-00C04F79EFBC}") = "Churchee.Module.Logging", "src\Churchee.Module.Logging\Churchee.Module.Logging.csproj", "{854B2276-AC85-1845-BFDB-1DBF0461CA43}"
EndProject
Project("{FAE04EC0-301F-11D3-BF4B-00C04F79EFBC}") = "Churchee.Module.Logging.Tests", "test\Churchee.Module.Logging.Tests\Churchee.Module.Logging.Tests.csproj", "{52F13FC1-9B4E-4FE4-A460-5F7AA503E0E4}"
EndProject
Project("{FAE04EC0-301F-11D3-BF4B-00C04F79EFBC}") = "Churchee.Module.X.Tests", "test\Churchee.Module.X.Tests\Churchee.Module.X.Tests.csproj", "{FAFCB790-57B2-47AC-A42D-AE0E3A44F68C}"
EndProject
Project("{FAE04EC0-301F-11D3-BF4B-00C04F79EFBC}") = "Churchee.Data.EntityFramework.Admin", "src\Churchee.Data.EntityFramework.Admin\Churchee.Data.EntityFramework.Admin.csproj", "{5F27521E-9DA2-84E8-B3CF-2671AD7A326E}"
EndProject
Project("{FAE04EC0-301F-11D3-BF4B-00C04F79EFBC}") = "Churchee.Data.EntityFramework.Admin.Tests", "test\Churchee.Data.EntityFramework.Admin.Tests\Churchee.Data.EntityFramework.Admin.Tests.csproj", "{C0265843-0C8B-15DA-AB90-913806614159}"
EndProject
Project("{FAE04EC0-301F-11D3-BF4B-00C04F79EFBC}") = "Churchee.Data.EntityFramework.Site", "src\Churchee.Data.EntityFramework.Site\Churchee.Data.EntityFramework.Site.csproj", "{7291444A-6CF8-DBBE-DF3C-EA25EE757F97}"
EndProject
Project("{FAE04EC0-301F-11D3-BF4B-00C04F79EFBC}") = "Churchee.Data.EntityFramework.Shared", "src\Churchee.Data.EntityFramework.Shared\Churchee.Data.EntityFramework.Shared.csproj", "{FDC74EE0-A71B-56D6-06BB-99D78BFAA1B4}"
EndProject
Project("{FAE04EC0-301F-11D3-BF4B-00C04F79EFBC}") = "Churchee.Infrastructure.SassCompilation", "src\Churchee.Infrastructure.SassCompilation\Churchee.Infrastructure.SassCompilation.csproj", "{0C52ED2B-A566-4020-DE31-0BDAE838A9FF}"
EndProject
Project("{FAE04EC0-301F-11D3-BF4B-00C04F79EFBC}") = "Churchee.Infrastructure.SassCompilation.Tests", "test\Churchee.Infrastructure.SassCompilation.Tests\Churchee.Infrastructure.SassCompilation.Tests.csproj", "{773F4F1B-BA41-2439-CB66-1642F3292580}"
EndProject
Project("{FAE04EC0-301F-11D3-BF4B-00C04F79EFBC}") = "Churchee.Data.EntityFramework.Site.Tests", "test\Churchee.Data.EntityFramework.Site.Tests\Churchee.Data.EntityFramework.Site.Tests.csproj", "{6F75A9A9-6271-4E17-A6E4-AA8906D60FB7}"
EndProject
Project("{FAE04EC0-301F-11D3-BF4B-00C04F79EFBC}") = "Churchee.Module.Videos.Tests", "test\Churchee.Module.Videos.Tests\Churchee.Module.Videos.Tests.csproj", "{15A05B84-25DA-4258-8782-C471F8600906}"
EndProject
Global
	GlobalSection(SolutionConfigurationPlatforms) = preSolution
		Debug|Any CPU = Debug|Any CPU
		Release|Any CPU = Release|Any CPU
	EndGlobalSection
	GlobalSection(ProjectConfigurationPlatforms) = postSolution
		{A62FBC0D-8B53-4C72-BD7C-0F69CD5E9A97}.Debug|Any CPU.ActiveCfg = Debug|Any CPU
		{A62FBC0D-8B53-4C72-BD7C-0F69CD5E9A97}.Debug|Any CPU.Build.0 = Debug|Any CPU
		{A62FBC0D-8B53-4C72-BD7C-0F69CD5E9A97}.Release|Any CPU.ActiveCfg = Release|Any CPU
		{A62FBC0D-8B53-4C72-BD7C-0F69CD5E9A97}.Release|Any CPU.Build.0 = Release|Any CPU
		{4A7962B5-82CF-49EA-B879-3815E76F8951}.Debug|Any CPU.ActiveCfg = Debug|Any CPU
		{4A7962B5-82CF-49EA-B879-3815E76F8951}.Debug|Any CPU.Build.0 = Debug|Any CPU
		{4A7962B5-82CF-49EA-B879-3815E76F8951}.Release|Any CPU.ActiveCfg = Release|Any CPU
		{4A7962B5-82CF-49EA-B879-3815E76F8951}.Release|Any CPU.Build.0 = Release|Any CPU
		{CF8AD5AC-A765-4F9E-A5EE-937BE7E3145D}.Debug|Any CPU.ActiveCfg = Debug|Any CPU
		{CF8AD5AC-A765-4F9E-A5EE-937BE7E3145D}.Debug|Any CPU.Build.0 = Debug|Any CPU
		{CF8AD5AC-A765-4F9E-A5EE-937BE7E3145D}.Release|Any CPU.ActiveCfg = Release|Any CPU
		{CF8AD5AC-A765-4F9E-A5EE-937BE7E3145D}.Release|Any CPU.Build.0 = Release|Any CPU
		{6D4E9906-8320-4494-A6FD-F7990D23C238}.Debug|Any CPU.ActiveCfg = Debug|Any CPU
		{6D4E9906-8320-4494-A6FD-F7990D23C238}.Debug|Any CPU.Build.0 = Debug|Any CPU
		{6D4E9906-8320-4494-A6FD-F7990D23C238}.Release|Any CPU.ActiveCfg = Release|Any CPU
		{6D4E9906-8320-4494-A6FD-F7990D23C238}.Release|Any CPU.Build.0 = Release|Any CPU
		{08CDE956-2858-43AC-97BC-D2CF46CB9295}.Debug|Any CPU.ActiveCfg = Debug|Any CPU
		{08CDE956-2858-43AC-97BC-D2CF46CB9295}.Debug|Any CPU.Build.0 = Debug|Any CPU
		{08CDE956-2858-43AC-97BC-D2CF46CB9295}.Release|Any CPU.ActiveCfg = Release|Any CPU
		{08CDE956-2858-43AC-97BC-D2CF46CB9295}.Release|Any CPU.Build.0 = Release|Any CPU
		{A1F211C2-1B63-4021-882F-2980016C4577}.Debug|Any CPU.ActiveCfg = Debug|Any CPU
		{A1F211C2-1B63-4021-882F-2980016C4577}.Debug|Any CPU.Build.0 = Debug|Any CPU
		{A1F211C2-1B63-4021-882F-2980016C4577}.Release|Any CPU.ActiveCfg = Release|Any CPU
		{A1F211C2-1B63-4021-882F-2980016C4577}.Release|Any CPU.Build.0 = Release|Any CPU
		{2BC36094-ABD5-41BC-B569-30E7381A651D}.Debug|Any CPU.ActiveCfg = Debug|Any CPU
		{2BC36094-ABD5-41BC-B569-30E7381A651D}.Debug|Any CPU.Build.0 = Debug|Any CPU
		{2BC36094-ABD5-41BC-B569-30E7381A651D}.Release|Any CPU.ActiveCfg = Release|Any CPU
		{2BC36094-ABD5-41BC-B569-30E7381A651D}.Release|Any CPU.Build.0 = Release|Any CPU
		{E717164B-4BEB-4BD1-800D-5781C6E8A845}.Debug|Any CPU.ActiveCfg = Debug|Any CPU
		{E717164B-4BEB-4BD1-800D-5781C6E8A845}.Debug|Any CPU.Build.0 = Debug|Any CPU
		{E717164B-4BEB-4BD1-800D-5781C6E8A845}.Release|Any CPU.ActiveCfg = Release|Any CPU
		{E717164B-4BEB-4BD1-800D-5781C6E8A845}.Release|Any CPU.Build.0 = Release|Any CPU
		{648FF08E-3D4D-4DB2-8A4A-BE37A044C629}.Debug|Any CPU.ActiveCfg = Debug|Any CPU
		{648FF08E-3D4D-4DB2-8A4A-BE37A044C629}.Debug|Any CPU.Build.0 = Debug|Any CPU
		{648FF08E-3D4D-4DB2-8A4A-BE37A044C629}.Release|Any CPU.ActiveCfg = Release|Any CPU
		{648FF08E-3D4D-4DB2-8A4A-BE37A044C629}.Release|Any CPU.Build.0 = Release|Any CPU
		{8F2AF52D-A76C-43C8-A513-4DAFE6B9D4B5}.Debug|Any CPU.ActiveCfg = Debug|Any CPU
		{8F2AF52D-A76C-43C8-A513-4DAFE6B9D4B5}.Debug|Any CPU.Build.0 = Debug|Any CPU
		{8F2AF52D-A76C-43C8-A513-4DAFE6B9D4B5}.Release|Any CPU.ActiveCfg = Release|Any CPU
		{8F2AF52D-A76C-43C8-A513-4DAFE6B9D4B5}.Release|Any CPU.Build.0 = Release|Any CPU
		{75CF0356-6DF2-4FAB-BBE2-9D58F991B586}.Debug|Any CPU.ActiveCfg = Debug|Any CPU
		{75CF0356-6DF2-4FAB-BBE2-9D58F991B586}.Debug|Any CPU.Build.0 = Debug|Any CPU
		{75CF0356-6DF2-4FAB-BBE2-9D58F991B586}.Release|Any CPU.ActiveCfg = Release|Any CPU
		{75CF0356-6DF2-4FAB-BBE2-9D58F991B586}.Release|Any CPU.Build.0 = Release|Any CPU
		{E3BABF7D-70F1-4447-8CF8-4A3B578645C9}.Debug|Any CPU.ActiveCfg = Debug|Any CPU
		{E3BABF7D-70F1-4447-8CF8-4A3B578645C9}.Debug|Any CPU.Build.0 = Debug|Any CPU
		{E3BABF7D-70F1-4447-8CF8-4A3B578645C9}.Release|Any CPU.ActiveCfg = Release|Any CPU
		{E3BABF7D-70F1-4447-8CF8-4A3B578645C9}.Release|Any CPU.Build.0 = Release|Any CPU
		{C859277C-495F-499E-80ED-BC6B083BC302}.Debug|Any CPU.ActiveCfg = Debug|Any CPU
		{C859277C-495F-499E-80ED-BC6B083BC302}.Debug|Any CPU.Build.0 = Debug|Any CPU
		{C859277C-495F-499E-80ED-BC6B083BC302}.Release|Any CPU.ActiveCfg = Release|Any CPU
		{C859277C-495F-499E-80ED-BC6B083BC302}.Release|Any CPU.Build.0 = Release|Any CPU
		{48411FCA-2A9D-4435-B843-27FDCB32B0F6}.Debug|Any CPU.ActiveCfg = Debug|Any CPU
		{48411FCA-2A9D-4435-B843-27FDCB32B0F6}.Debug|Any CPU.Build.0 = Debug|Any CPU
		{48411FCA-2A9D-4435-B843-27FDCB32B0F6}.Release|Any CPU.ActiveCfg = Release|Any CPU
		{48411FCA-2A9D-4435-B843-27FDCB32B0F6}.Release|Any CPU.Build.0 = Release|Any CPU
		{38172A0C-EADB-412C-A1DD-0F37C8AC27D5}.Debug|Any CPU.ActiveCfg = Debug|Any CPU
		{38172A0C-EADB-412C-A1DD-0F37C8AC27D5}.Debug|Any CPU.Build.0 = Debug|Any CPU
		{38172A0C-EADB-412C-A1DD-0F37C8AC27D5}.Release|Any CPU.ActiveCfg = Release|Any CPU
		{38172A0C-EADB-412C-A1DD-0F37C8AC27D5}.Release|Any CPU.Build.0 = Release|Any CPU
		{BEDDD3B9-E9A9-4FC7-AECC-F9E1CAE092AC}.Debug|Any CPU.ActiveCfg = Debug|Any CPU
		{BEDDD3B9-E9A9-4FC7-AECC-F9E1CAE092AC}.Debug|Any CPU.Build.0 = Debug|Any CPU
		{BEDDD3B9-E9A9-4FC7-AECC-F9E1CAE092AC}.Release|Any CPU.ActiveCfg = Release|Any CPU
		{BEDDD3B9-E9A9-4FC7-AECC-F9E1CAE092AC}.Release|Any CPU.Build.0 = Release|Any CPU
		{530ED9E8-FF61-4E15-BC71-97E280CCF644}.Debug|Any CPU.ActiveCfg = Debug|Any CPU
		{530ED9E8-FF61-4E15-BC71-97E280CCF644}.Debug|Any CPU.Build.0 = Debug|Any CPU
		{530ED9E8-FF61-4E15-BC71-97E280CCF644}.Release|Any CPU.ActiveCfg = Release|Any CPU
		{530ED9E8-FF61-4E15-BC71-97E280CCF644}.Release|Any CPU.Build.0 = Release|Any CPU
		{3650CCC3-D9F3-4D5B-98CD-989BB299DDD6}.Debug|Any CPU.ActiveCfg = Debug|Any CPU
		{3650CCC3-D9F3-4D5B-98CD-989BB299DDD6}.Debug|Any CPU.Build.0 = Debug|Any CPU
		{3650CCC3-D9F3-4D5B-98CD-989BB299DDD6}.Release|Any CPU.ActiveCfg = Release|Any CPU
		{3650CCC3-D9F3-4D5B-98CD-989BB299DDD6}.Release|Any CPU.Build.0 = Release|Any CPU
		{C5623B36-B06B-4891-AD7C-5BE07714EB00}.Debug|Any CPU.ActiveCfg = Debug|Any CPU
		{C5623B36-B06B-4891-AD7C-5BE07714EB00}.Debug|Any CPU.Build.0 = Debug|Any CPU
		{C5623B36-B06B-4891-AD7C-5BE07714EB00}.Release|Any CPU.ActiveCfg = Release|Any CPU
		{C5623B36-B06B-4891-AD7C-5BE07714EB00}.Release|Any CPU.Build.0 = Release|Any CPU
		{BC3E24F4-7114-43DE-8DD4-D208C55E42A6}.Debug|Any CPU.ActiveCfg = Debug|Any CPU
		{BC3E24F4-7114-43DE-8DD4-D208C55E42A6}.Debug|Any CPU.Build.0 = Debug|Any CPU
		{BC3E24F4-7114-43DE-8DD4-D208C55E42A6}.Release|Any CPU.ActiveCfg = Release|Any CPU
		{BC3E24F4-7114-43DE-8DD4-D208C55E42A6}.Release|Any CPU.Build.0 = Release|Any CPU
		{E225B9EC-759A-4167-8423-FDBF6C10D624}.Debug|Any CPU.ActiveCfg = Debug|Any CPU
		{E225B9EC-759A-4167-8423-FDBF6C10D624}.Debug|Any CPU.Build.0 = Debug|Any CPU
		{E225B9EC-759A-4167-8423-FDBF6C10D624}.Release|Any CPU.ActiveCfg = Release|Any CPU
		{E225B9EC-759A-4167-8423-FDBF6C10D624}.Release|Any CPU.Build.0 = Release|Any CPU
		{0D5C5C6D-85AF-4791-914F-247C6DD94DD3}.Debug|Any CPU.ActiveCfg = Debug|Any CPU
		{0D5C5C6D-85AF-4791-914F-247C6DD94DD3}.Debug|Any CPU.Build.0 = Debug|Any CPU
		{0D5C5C6D-85AF-4791-914F-247C6DD94DD3}.Release|Any CPU.ActiveCfg = Release|Any CPU
		{0D5C5C6D-85AF-4791-914F-247C6DD94DD3}.Release|Any CPU.Build.0 = Release|Any CPU
		{EBCAB40B-3947-4C86-8EE2-B45A65D999AB}.Debug|Any CPU.ActiveCfg = Debug|Any CPU
		{EBCAB40B-3947-4C86-8EE2-B45A65D999AB}.Debug|Any CPU.Build.0 = Debug|Any CPU
		{EBCAB40B-3947-4C86-8EE2-B45A65D999AB}.Release|Any CPU.ActiveCfg = Release|Any CPU
		{EBCAB40B-3947-4C86-8EE2-B45A65D999AB}.Release|Any CPU.Build.0 = Release|Any CPU
		{F0F83575-A7C7-40F6-8C8F-E0E7F2C44C16}.Debug|Any CPU.ActiveCfg = Debug|Any CPU
		{F0F83575-A7C7-40F6-8C8F-E0E7F2C44C16}.Debug|Any CPU.Build.0 = Debug|Any CPU
		{F0F83575-A7C7-40F6-8C8F-E0E7F2C44C16}.Release|Any CPU.ActiveCfg = Release|Any CPU
		{F0F83575-A7C7-40F6-8C8F-E0E7F2C44C16}.Release|Any CPU.Build.0 = Release|Any CPU
		{7FDB01A9-0E57-47EE-A145-31236BB8A793}.Debug|Any CPU.ActiveCfg = Debug|Any CPU
		{7FDB01A9-0E57-47EE-A145-31236BB8A793}.Debug|Any CPU.Build.0 = Debug|Any CPU
		{7FDB01A9-0E57-47EE-A145-31236BB8A793}.Release|Any CPU.ActiveCfg = Release|Any CPU
		{7FDB01A9-0E57-47EE-A145-31236BB8A793}.Release|Any CPU.Build.0 = Release|Any CPU
		{167DAA1C-1EDE-4D4B-8564-FEC8EFD56899}.Debug|Any CPU.ActiveCfg = Debug|Any CPU
		{167DAA1C-1EDE-4D4B-8564-FEC8EFD56899}.Debug|Any CPU.Build.0 = Debug|Any CPU
		{167DAA1C-1EDE-4D4B-8564-FEC8EFD56899}.Release|Any CPU.ActiveCfg = Release|Any CPU
		{167DAA1C-1EDE-4D4B-8564-FEC8EFD56899}.Release|Any CPU.Build.0 = Release|Any CPU
		{2E9E3EF2-BA0E-46DD-B0B2-1DA839FDA10E}.Debug|Any CPU.ActiveCfg = Debug|Any CPU
		{2E9E3EF2-BA0E-46DD-B0B2-1DA839FDA10E}.Debug|Any CPU.Build.0 = Debug|Any CPU
		{2E9E3EF2-BA0E-46DD-B0B2-1DA839FDA10E}.Release|Any CPU.ActiveCfg = Release|Any CPU
		{2E9E3EF2-BA0E-46DD-B0B2-1DA839FDA10E}.Release|Any CPU.Build.0 = Release|Any CPU
		{F9A1B753-ADE8-4B4C-A01B-7877A0A749A2}.Debug|Any CPU.ActiveCfg = Debug|Any CPU
		{F9A1B753-ADE8-4B4C-A01B-7877A0A749A2}.Debug|Any CPU.Build.0 = Debug|Any CPU
		{F9A1B753-ADE8-4B4C-A01B-7877A0A749A2}.Release|Any CPU.ActiveCfg = Release|Any CPU
		{F9A1B753-ADE8-4B4C-A01B-7877A0A749A2}.Release|Any CPU.Build.0 = Release|Any CPU
		{9D3F489F-547C-4D2D-A0D0-A9352E5E4035}.Debug|Any CPU.ActiveCfg = Debug|Any CPU
		{9D3F489F-547C-4D2D-A0D0-A9352E5E4035}.Debug|Any CPU.Build.0 = Debug|Any CPU
		{9D3F489F-547C-4D2D-A0D0-A9352E5E4035}.Release|Any CPU.ActiveCfg = Release|Any CPU
		{9D3F489F-547C-4D2D-A0D0-A9352E5E4035}.Release|Any CPU.Build.0 = Release|Any CPU
		{8320B9B4-577D-44AE-9349-C88CC9D05721}.Debug|Any CPU.ActiveCfg = Debug|Any CPU
		{8320B9B4-577D-44AE-9349-C88CC9D05721}.Debug|Any CPU.Build.0 = Debug|Any CPU
		{8320B9B4-577D-44AE-9349-C88CC9D05721}.Release|Any CPU.ActiveCfg = Release|Any CPU
		{8320B9B4-577D-44AE-9349-C88CC9D05721}.Release|Any CPU.Build.0 = Release|Any CPU
		{B6AA0E71-DF75-4FCC-B154-022146916927}.Debug|Any CPU.ActiveCfg = Debug|Any CPU
		{B6AA0E71-DF75-4FCC-B154-022146916927}.Debug|Any CPU.Build.0 = Debug|Any CPU
		{B6AA0E71-DF75-4FCC-B154-022146916927}.Release|Any CPU.ActiveCfg = Release|Any CPU
		{B6AA0E71-DF75-4FCC-B154-022146916927}.Release|Any CPU.Build.0 = Release|Any CPU
		{3AD18214-7AFA-42CB-8098-3E4BC88F7B35}.Debug|Any CPU.ActiveCfg = Debug|Any CPU
		{3AD18214-7AFA-42CB-8098-3E4BC88F7B35}.Debug|Any CPU.Build.0 = Debug|Any CPU
		{3AD18214-7AFA-42CB-8098-3E4BC88F7B35}.Release|Any CPU.ActiveCfg = Release|Any CPU
		{3AD18214-7AFA-42CB-8098-3E4BC88F7B35}.Release|Any CPU.Build.0 = Release|Any CPU
		{B54F20F3-D89D-D932-ABA8-61B13007E62E}.Debug|Any CPU.ActiveCfg = Debug|Any CPU
		{B54F20F3-D89D-D932-ABA8-61B13007E62E}.Debug|Any CPU.Build.0 = Debug|Any CPU
		{B54F20F3-D89D-D932-ABA8-61B13007E62E}.Release|Any CPU.ActiveCfg = Release|Any CPU
		{B54F20F3-D89D-D932-ABA8-61B13007E62E}.Release|Any CPU.Build.0 = Release|Any CPU
		{4E164CB9-724A-4185-C479-54948DC1BCC8}.Debug|Any CPU.ActiveCfg = Debug|Any CPU
		{4E164CB9-724A-4185-C479-54948DC1BCC8}.Debug|Any CPU.Build.0 = Debug|Any CPU
		{4E164CB9-724A-4185-C479-54948DC1BCC8}.Release|Any CPU.ActiveCfg = Release|Any CPU
		{4E164CB9-724A-4185-C479-54948DC1BCC8}.Release|Any CPU.Build.0 = Release|Any CPU
		{FCB8B851-A7D8-472F-8854-1EC53BEBBE05}.Debug|Any CPU.ActiveCfg = Debug|Any CPU
		{FCB8B851-A7D8-472F-8854-1EC53BEBBE05}.Debug|Any CPU.Build.0 = Debug|Any CPU
		{FCB8B851-A7D8-472F-8854-1EC53BEBBE05}.Release|Any CPU.ActiveCfg = Release|Any CPU
		{FCB8B851-A7D8-472F-8854-1EC53BEBBE05}.Release|Any CPU.Build.0 = Release|Any CPU
		{4317F707-525A-102A-F664-E8CA6CC05588}.Debug|Any CPU.ActiveCfg = Debug|Any CPU
		{4317F707-525A-102A-F664-E8CA6CC05588}.Debug|Any CPU.Build.0 = Debug|Any CPU
		{4317F707-525A-102A-F664-E8CA6CC05588}.Release|Any CPU.ActiveCfg = Release|Any CPU
		{4317F707-525A-102A-F664-E8CA6CC05588}.Release|Any CPU.Build.0 = Release|Any CPU
		{64DE18EB-84E5-46EF-97C4-76CCFD441D7A}.Debug|Any CPU.ActiveCfg = Debug|Any CPU
		{64DE18EB-84E5-46EF-97C4-76CCFD441D7A}.Debug|Any CPU.Build.0 = Debug|Any CPU
		{64DE18EB-84E5-46EF-97C4-76CCFD441D7A}.Release|Any CPU.ActiveCfg = Release|Any CPU
		{64DE18EB-84E5-46EF-97C4-76CCFD441D7A}.Release|Any CPU.Build.0 = Release|Any CPU
		{854B2276-AC85-1845-BFDB-1DBF0461CA43}.Debug|Any CPU.ActiveCfg = Debug|Any CPU
		{854B2276-AC85-1845-BFDB-1DBF0461CA43}.Debug|Any CPU.Build.0 = Debug|Any CPU
		{854B2276-AC85-1845-BFDB-1DBF0461CA43}.Release|Any CPU.ActiveCfg = Release|Any CPU
		{854B2276-AC85-1845-BFDB-1DBF0461CA43}.Release|Any CPU.Build.0 = Release|Any CPU
		{52F13FC1-9B4E-4FE4-A460-5F7AA503E0E4}.Debug|Any CPU.ActiveCfg = Debug|Any CPU
		{52F13FC1-9B4E-4FE4-A460-5F7AA503E0E4}.Debug|Any CPU.Build.0 = Debug|Any CPU
		{52F13FC1-9B4E-4FE4-A460-5F7AA503E0E4}.Release|Any CPU.ActiveCfg = Release|Any CPU
		{52F13FC1-9B4E-4FE4-A460-5F7AA503E0E4}.Release|Any CPU.Build.0 = Release|Any CPU
		{FAFCB790-57B2-47AC-A42D-AE0E3A44F68C}.Debug|Any CPU.ActiveCfg = Debug|Any CPU
		{FAFCB790-57B2-47AC-A42D-AE0E3A44F68C}.Debug|Any CPU.Build.0 = Debug|Any CPU
		{FAFCB790-57B2-47AC-A42D-AE0E3A44F68C}.Release|Any CPU.ActiveCfg = Release|Any CPU
		{FAFCB790-57B2-47AC-A42D-AE0E3A44F68C}.Release|Any CPU.Build.0 = Release|Any CPU
		{5F27521E-9DA2-84E8-B3CF-2671AD7A326E}.Debug|Any CPU.ActiveCfg = Debug|Any CPU
		{5F27521E-9DA2-84E8-B3CF-2671AD7A326E}.Debug|Any CPU.Build.0 = Debug|Any CPU
		{5F27521E-9DA2-84E8-B3CF-2671AD7A326E}.Release|Any CPU.ActiveCfg = Release|Any CPU
		{5F27521E-9DA2-84E8-B3CF-2671AD7A326E}.Release|Any CPU.Build.0 = Release|Any CPU
		{C0265843-0C8B-15DA-AB90-913806614159}.Debug|Any CPU.ActiveCfg = Debug|Any CPU
		{C0265843-0C8B-15DA-AB90-913806614159}.Debug|Any CPU.Build.0 = Debug|Any CPU
		{C0265843-0C8B-15DA-AB90-913806614159}.Release|Any CPU.ActiveCfg = Release|Any CPU
		{C0265843-0C8B-15DA-AB90-913806614159}.Release|Any CPU.Build.0 = Release|Any CPU
		{7291444A-6CF8-DBBE-DF3C-EA25EE757F97}.Debug|Any CPU.ActiveCfg = Debug|Any CPU
		{7291444A-6CF8-DBBE-DF3C-EA25EE757F97}.Debug|Any CPU.Build.0 = Debug|Any CPU
		{7291444A-6CF8-DBBE-DF3C-EA25EE757F97}.Release|Any CPU.ActiveCfg = Release|Any CPU
		{7291444A-6CF8-DBBE-DF3C-EA25EE757F97}.Release|Any CPU.Build.0 = Release|Any CPU
		{FDC74EE0-A71B-56D6-06BB-99D78BFAA1B4}.Debug|Any CPU.ActiveCfg = Debug|Any CPU
		{FDC74EE0-A71B-56D6-06BB-99D78BFAA1B4}.Debug|Any CPU.Build.0 = Debug|Any CPU
		{FDC74EE0-A71B-56D6-06BB-99D78BFAA1B4}.Release|Any CPU.ActiveCfg = Release|Any CPU
		{FDC74EE0-A71B-56D6-06BB-99D78BFAA1B4}.Release|Any CPU.Build.0 = Release|Any CPU
		{0C52ED2B-A566-4020-DE31-0BDAE838A9FF}.Debug|Any CPU.ActiveCfg = Debug|Any CPU
		{0C52ED2B-A566-4020-DE31-0BDAE838A9FF}.Debug|Any CPU.Build.0 = Debug|Any CPU
		{0C52ED2B-A566-4020-DE31-0BDAE838A9FF}.Release|Any CPU.ActiveCfg = Release|Any CPU
		{0C52ED2B-A566-4020-DE31-0BDAE838A9FF}.Release|Any CPU.Build.0 = Release|Any CPU
		{773F4F1B-BA41-2439-CB66-1642F3292580}.Debug|Any CPU.ActiveCfg = Debug|Any CPU
		{773F4F1B-BA41-2439-CB66-1642F3292580}.Debug|Any CPU.Build.0 = Debug|Any CPU
		{773F4F1B-BA41-2439-CB66-1642F3292580}.Release|Any CPU.ActiveCfg = Release|Any CPU
		{773F4F1B-BA41-2439-CB66-1642F3292580}.Release|Any CPU.Build.0 = Release|Any CPU
		{6F75A9A9-6271-4E17-A6E4-AA8906D60FB7}.Debug|Any CPU.ActiveCfg = Debug|Any CPU
		{6F75A9A9-6271-4E17-A6E4-AA8906D60FB7}.Debug|Any CPU.Build.0 = Debug|Any CPU
		{6F75A9A9-6271-4E17-A6E4-AA8906D60FB7}.Release|Any CPU.ActiveCfg = Release|Any CPU
		{6F75A9A9-6271-4E17-A6E4-AA8906D60FB7}.Release|Any CPU.Build.0 = Release|Any CPU
		{15A05B84-25DA-4258-8782-C471F8600906}.Debug|Any CPU.ActiveCfg = Debug|Any CPU
		{15A05B84-25DA-4258-8782-C471F8600906}.Debug|Any CPU.Build.0 = Debug|Any CPU
		{15A05B84-25DA-4258-8782-C471F8600906}.Release|Any CPU.ActiveCfg = Release|Any CPU
		{15A05B84-25DA-4258-8782-C471F8600906}.Release|Any CPU.Build.0 = Release|Any CPU
	EndGlobalSection
	GlobalSection(SolutionProperties) = preSolution
		HideSolutionNode = FALSE
	EndGlobalSection
	GlobalSection(NestedProjects) = preSolution
		{A62FBC0D-8B53-4C72-BD7C-0F69CD5E9A97} = {F8E51249-6D0B-4EFE-906D-B263DDAA322B}
		{4A7962B5-82CF-49EA-B879-3815E76F8951} = {C4D09CE5-B353-466C-85D4-A0CD5523645A}
		{CF8AD5AC-A765-4F9E-A5EE-937BE7E3145D} = {C4D09CE5-B353-466C-85D4-A0CD5523645A}
		{6D4E9906-8320-4494-A6FD-F7990D23C238} = {749A1ACB-BC82-4837-BF45-80805734080C}
		{08CDE956-2858-43AC-97BC-D2CF46CB9295} = {C4D09CE5-B353-466C-85D4-A0CD5523645A}
		{2BC36094-ABD5-41BC-B569-30E7381A651D} = {4486B06F-87D4-4920-90BC-5F15BA7376F4}
		{E717164B-4BEB-4BD1-800D-5781C6E8A845} = {4486B06F-87D4-4920-90BC-5F15BA7376F4}
		{648FF08E-3D4D-4DB2-8A4A-BE37A044C629} = {C4D09CE5-B353-466C-85D4-A0CD5523645A}
		{8F2AF52D-A76C-43C8-A513-4DAFE6B9D4B5} = {C4D09CE5-B353-466C-85D4-A0CD5523645A}
		{75CF0356-6DF2-4FAB-BBE2-9D58F991B586} = {C4D09CE5-B353-466C-85D4-A0CD5523645A}
		{E3BABF7D-70F1-4447-8CF8-4A3B578645C9} = {C4D09CE5-B353-466C-85D4-A0CD5523645A}
		{C859277C-495F-499E-80ED-BC6B083BC302} = {C4D09CE5-B353-466C-85D4-A0CD5523645A}
		{48411FCA-2A9D-4435-B843-27FDCB32B0F6} = {E3751D10-04F1-4E02-B6A2-9BFDB4AAB851}
		{38172A0C-EADB-412C-A1DD-0F37C8AC27D5} = {D08B744E-F51D-40B6-A50D-BD238AA20405}
		{BEDDD3B9-E9A9-4FC7-AECC-F9E1CAE092AC} = {187811C7-20D5-435D-83B8-042B3227E714}
		{D08B744E-F51D-40B6-A50D-BD238AA20405} = {1FD7F6EF-D918-4F8C-A7B3-D4476B48EE8D}
		{187811C7-20D5-435D-83B8-042B3227E714} = {1FD7F6EF-D918-4F8C-A7B3-D4476B48EE8D}
		{530ED9E8-FF61-4E15-BC71-97E280CCF644} = {187811C7-20D5-435D-83B8-042B3227E714}
		{3650CCC3-D9F3-4D5B-98CD-989BB299DDD6} = {E3751D10-04F1-4E02-B6A2-9BFDB4AAB851}
		{C5623B36-B06B-4891-AD7C-5BE07714EB00} = {C4D09CE5-B353-466C-85D4-A0CD5523645A}
		{BC3E24F4-7114-43DE-8DD4-D208C55E42A6} = {187811C7-20D5-435D-83B8-042B3227E714}
		{E225B9EC-759A-4167-8423-FDBF6C10D624} = {187811C7-20D5-435D-83B8-042B3227E714}
		{0D5C5C6D-85AF-4791-914F-247C6DD94DD3} = {187811C7-20D5-435D-83B8-042B3227E714}
		{4B48BE94-D6FB-438A-BFCB-C098EDD771F3} = {1FD7F6EF-D918-4F8C-A7B3-D4476B48EE8D}
		{EBCAB40B-3947-4C86-8EE2-B45A65D999AB} = {4B48BE94-D6FB-438A-BFCB-C098EDD771F3}
		{F0F83575-A7C7-40F6-8C8F-E0E7F2C44C16} = {C4D09CE5-B353-466C-85D4-A0CD5523645A}
		{7FDB01A9-0E57-47EE-A145-31236BB8A793} = {187811C7-20D5-435D-83B8-042B3227E714}
		{167DAA1C-1EDE-4D4B-8564-FEC8EFD56899} = {187811C7-20D5-435D-83B8-042B3227E714}
		{2E9E3EF2-BA0E-46DD-B0B2-1DA839FDA10E} = {4B48BE94-D6FB-438A-BFCB-C098EDD771F3}
		{F9A1B753-ADE8-4B4C-A01B-7877A0A749A2} = {187811C7-20D5-435D-83B8-042B3227E714}
		{332E7AE2-3FD8-4F68-9027-6C48B18ADAB1} = {1FD7F6EF-D918-4F8C-A7B3-D4476B48EE8D}
		{9D3F489F-547C-4D2D-A0D0-A9352E5E4035} = {332E7AE2-3FD8-4F68-9027-6C48B18ADAB1}
		{8320B9B4-577D-44AE-9349-C88CC9D05721} = {4486B06F-87D4-4920-90BC-5F15BA7376F4}
		{B6AA0E71-DF75-4FCC-B154-022146916927} = {4B48BE94-D6FB-438A-BFCB-C098EDD771F3}
		{3AD18214-7AFA-42CB-8098-3E4BC88F7B35} = {187811C7-20D5-435D-83B8-042B3227E714}
		{B54F20F3-D89D-D932-ABA8-61B13007E62E} = {E3751D10-04F1-4E02-B6A2-9BFDB4AAB851}
		{4E164CB9-724A-4185-C479-54948DC1BCC8} = {E3751D10-04F1-4E02-B6A2-9BFDB4AAB851}
		{FCB8B851-A7D8-472F-8854-1EC53BEBBE05} = {C4D09CE5-B353-466C-85D4-A0CD5523645A}
		{4317F707-525A-102A-F664-E8CA6CC05588} = {332E7AE2-3FD8-4F68-9027-6C48B18ADAB1}
		{02EA681E-C7D8-13C7-8484-4AC65E1B71E8} = {1FD7F6EF-D918-4F8C-A7B3-D4476B48EE8D}
		{64DE18EB-84E5-46EF-97C4-76CCFD441D7A} = {02EA681E-C7D8-13C7-8484-4AC65E1B71E8}
		{854B2276-AC85-1845-BFDB-1DBF0461CA43} = {C4D09CE5-B353-466C-85D4-A0CD5523645A}
		{52F13FC1-9B4E-4FE4-A460-5F7AA503E0E4} = {187811C7-20D5-435D-83B8-042B3227E714}
		{FAFCB790-57B2-47AC-A42D-AE0E3A44F68C} = {332E7AE2-3FD8-4F68-9027-6C48B18ADAB1}
		{5F27521E-9DA2-84E8-B3CF-2671AD7A326E} = {4486B06F-87D4-4920-90BC-5F15BA7376F4}
		{C0265843-0C8B-15DA-AB90-913806614159} = {4B48BE94-D6FB-438A-BFCB-C098EDD771F3}
		{7291444A-6CF8-DBBE-DF3C-EA25EE757F97} = {4486B06F-87D4-4920-90BC-5F15BA7376F4}
		{FDC74EE0-A71B-56D6-06BB-99D78BFAA1B4} = {4486B06F-87D4-4920-90BC-5F15BA7376F4}
		{0C52ED2B-A566-4020-DE31-0BDAE838A9FF} = {4486B06F-87D4-4920-90BC-5F15BA7376F4}
		{773F4F1B-BA41-2439-CB66-1642F3292580} = {4B48BE94-D6FB-438A-BFCB-C098EDD771F3}
		{6F75A9A9-6271-4E17-A6E4-AA8906D60FB7} = {4B48BE94-D6FB-438A-BFCB-C098EDD771F3}
		{15A05B84-25DA-4258-8782-C471F8600906} = {187811C7-20D5-435D-83B8-042B3227E714}
	EndGlobalSection
	GlobalSection(ExtensibilityGlobals) = postSolution
		SolutionGuid = {456111D9-BD96-4D2E-94D6-42EF29980C0B}
	EndGlobalSection
EndGlobal
