
Microsoft Visual Studio Solution File, Format Version 12.00
# Visual Studio Version 17
VisualStudioVersion = 17.8.34525.116
MinimumVisualStudioVersion = 10.0.40219.1
Project("{9A19103F-16F7-4668-BE54-9A1E7A4F7556}") = "Churchee.Common", "src\Churchee.Common\Churchee.Common.csproj", "{A62FBC0D-8B53-4C72-BD7C-0F69CD5E9A97}"
EndProject
Project("{2150E333-8FDC-42A3-9474-1A3956D46DE8}") = "01. Core", "01. Core", "{F8E51249-6D0B-4EFE-906D-B263DDAA322B}"
EndProject
Project("{2150E333-8FDC-42A3-9474-1A3956D46DE8}") = "02. Modules", "02. Modules", "{C4D09CE5-B353-466C-85D4-A0CD5523645A}"
EndProject
Project("{9A19103F-16F7-4668-BE54-9A1E7A4F7556}") = "Churchee.Module.Identity", "src\Churchee.Module.Identity\Churchee.Module.Identity.csproj", "{4A7962B5-82CF-49EA-B879-3815E76F8951}"
EndProject
Project("{9A19103F-16F7-4668-BE54-9A1E7A4F7556}") = "Churchee.Module.UI", "src\Churchee.Module.UI\Churchee.Module.UI.csproj", "{CF8AD5AC-A765-4F9E-A5EE-937BE7E3145D}"
EndProject
Project("{2150E333-8FDC-42A3-9474-1A3956D46DE8}") = "05. Presentation", "05. Presentation", "{749A1ACB-BC82-4837-BF45-80805734080C}"
EndProject
Project("{9A19103F-16F7-4668-BE54-9A1E7A4F7556}") = "Churchee.Presentation.Admin", "src\Churchee.Presentation.Admin\Churchee.Presentation.Admin.csproj", "{6D4E9906-8320-4494-A6FD-F7990D23C238}"
EndProject
Project("{2150E333-8FDC-42A3-9474-1A3956D46DE8}") = "03. Infrastructure", "03. Infrastructure", "{4486B06F-87D4-4920-90BC-5F15BA7376F4}"
EndProject
Project("{9A19103F-16F7-4668-BE54-9A1E7A4F7556}") = "Churchee.Data.EntityFramework", "src\Churchee.Data.EntityFramework\Churchee.Data.EntityFramework.csproj", "{85787A62-5B79-4D39-B1E3-CF6F0F97E360}"
EndProject
Project("{9A19103F-16F7-4668-BE54-9A1E7A4F7556}") = "Churchee.Module.Tenancy", "src\Churchee.Module.Tenancy\Churchee.Module.Tenancy.csproj", "{08CDE956-2858-43AC-97BC-D2CF46CB9295}"
EndProject
Project("{E53339B2-1760-4266-BCC7-CA923CBCF16C}") = "docker-compose", "docker-compose.dcproj", "{A1F211C2-1B63-4021-882F-2980016C4577}"
EndProject
Project("{9A19103F-16F7-4668-BE54-9A1E7A4F7556}") = "Churchee.Blobstorage.Providers", "src\Churchee.Blobstorage.Providers\Churchee.Blobstorage.Providers.csproj", "{2BC36094-ABD5-41BC-B569-30E7381A651D}"
EndProject
Project("{9A19103F-16F7-4668-BE54-9A1E7A4F7556}") = "Churchee.ImageProcessing", "src\Churchee.ImageProcessing\Churchee.ImageProcessing.csproj", "{E717164B-4BEB-4BD1-800D-5781C6E8A845}"
EndProject
Project("{2150E333-8FDC-42A3-9474-1A3956D46DE8}") = "04. Integrations", "04. Integrations", "{E3751D10-04F1-4E02-B6A2-9BFDB4AAB851}"
EndProject
Project("{9A19103F-16F7-4668-BE54-9A1E7A4F7556}") = "Churchee.Module.Podcasts", "src\Churchee.Module.Podcasts\Churchee.Module.Podcasts.csproj", "{648FF08E-3D4D-4DB2-8A4A-BE37A044C629}"
EndProject
Project("{9A19103F-16F7-4668-BE54-9A1E7A4F7556}") = "Churchee.Module.Settings", "src\Churchee.Module.Settings\Churchee.Module.Settings.csproj", "{8F2AF52D-A76C-43C8-A513-4DAFE6B9D4B5}"
EndProject
Project("{9A19103F-16F7-4668-BE54-9A1E7A4F7556}") = "Churchee.Module.Tokens", "src\Churchee.Module.Tokens\Churchee.Module.Tokens.csproj", "{75CF0356-6DF2-4FAB-BBE2-9D58F991B586}"
EndProject
Project("{9A19103F-16F7-4668-BE54-9A1E7A4F7556}") = "Churchee.Module.Site", "src\Churchee.Module.Site\Churchee.Module.Site.csproj", "{E3BABF7D-70F1-4447-8CF8-4A3B578645C9}"
EndProject
Project("{9A19103F-16F7-4668-BE54-9A1E7A4F7556}") = "Churchee.Module.Events", "src\Churchee.Module.Events\Churchee.Module.Events.csproj", "{C859277C-495F-499E-80ED-BC6B083BC302}"
EndProject
Project("{9A19103F-16F7-4668-BE54-9A1E7A4F7556}") = "Churchee.Module.Facebook.Events", "src\Churchee.Module.Facebook.Events\Churchee.Module.Facebook.Events.csproj", "{48411FCA-2A9D-4435-B843-27FDCB32B0F6}"
EndProject
Project("{2150E333-8FDC-42A3-9474-1A3956D46DE8}") = "06. Test", "06. Test", "{1FD7F6EF-D918-4F8C-A7B3-D4476B48EE8D}"
EndProject
Project("{9A19103F-16F7-4668-BE54-9A1E7A4F7556}") = "Churchee.Common.Tests", "test\Churchee.Common.Tests\Churchee.Common.Tests.csproj", "{38172A0C-EADB-412C-A1DD-0F37C8AC27D5}"
EndProject
Project("{9A19103F-16F7-4668-BE54-9A1E7A4F7556}") = "Churchee.Module.Site.Tests", "test\Churchee.Module.Site.Tests\Churchee.Module.Site.Tests.csproj", "{BEDDD3B9-E9A9-4FC7-AECC-F9E1CAE092AC}"
EndProject
Project("{2150E333-8FDC-42A3-9474-1A3956D46DE8}") = "01. Core", "01. Core", "{D08B744E-F51D-40B6-A50D-BD238AA20405}"
EndProject
Project("{2150E333-8FDC-42A3-9474-1A3956D46DE8}") = "02. Modules", "02. Modules", "{187811C7-20D5-435D-83B8-042B3227E714}"
EndProject
Project("{9A19103F-16F7-4668-BE54-9A1E7A4F7556}") = "Churchee.Module.Events.Tests", "test\Churchee.Module.Events.Tests\Churchee.Module.Events.Tests.csproj", "{530ED9E8-FF61-4E15-BC71-97E280CCF644}"
EndProject
Project("{9A19103F-16F7-4668-BE54-9A1E7A4F7556}") = "Churchee.Module.Podcasts.Spotify", "src\Churchee.Module.Podcasts.Spotify\Churchee.Module.Podcasts.Spotify.csproj", "{3650CCC3-D9F3-4D5B-98CD-989BB299DDD6}"
EndProject
Project("{9A19103F-16F7-4668-BE54-9A1E7A4F7556}") = "Churchee.Module.Hangfire", "src\Churchee.Module.Hangfire\Churchee.Module.Hangfire.csproj", "{C5623B36-B06B-4891-AD7C-5BE07714EB00}"
EndProject
Project("{9A19103F-16F7-4668-BE54-9A1E7A4F7556}") = "Churchee.Module.Hangfire.Tests", "test\Churchee.Module.Hangfire.Tests\Churchee.Module.Hangfire.Tests.csproj", "{BC3E24F4-7114-43DE-8DD4-D208C55E42A6}"
EndProject
Project("{9A19103F-16F7-4668-BE54-9A1E7A4F7556}") = "Churchee.Module.Identity.Tests", "test\Churchee.Module.Identity.Tests\Churchee.Module.Identity.Tests.csproj", "{E225B9EC-759A-4167-8423-FDBF6C10D624}"
EndProject
Project("{9A19103F-16F7-4668-BE54-9A1E7A4F7556}") = "Churchee.Module.Podcasts.Tests", "test\Churchee.Module.Podcasts.Tests\Churchee.Module.Podcasts.Tests.csproj", "{0D5C5C6D-85AF-4791-914F-247C6DD94DD3}"
EndProject
Project("{2150E333-8FDC-42A3-9474-1A3956D46DE8}") = "03. Infrastructure", "03. Infrastructure", "{4B48BE94-D6FB-438A-BFCB-C098EDD771F3}"
EndProject
Project("{9A19103F-16F7-4668-BE54-9A1E7A4F7556}") = "Churchee.ImageProcessing.Tests", "test\Churchee.ImageProcessing.Tests\Churchee.ImageProcessing.Tests.csproj", "{EBCAB40B-3947-4C86-8EE2-B45A65D999AB}"
EndProject
Project("{9A19103F-16F7-4668-BE54-9A1E7A4F7556}") = "Churchee.Module.Dashboard", "src\Churchee.Module.Dashboard\Churchee.Module.Dashboard.csproj", "{F0F83575-A7C7-40F6-8C8F-E0E7F2C44C16}"
EndProject
Project("{9A19103F-16F7-4668-BE54-9A1E7A4F7556}") = "Churchee.Module.Dashboard.Tests", "test\Churchee.Module.Dashboard.Tests\Churchee.Module.Dashboard.Tests.csproj", "{7FDB01A9-0E57-47EE-A145-31236BB8A793}"
EndProject
Project("{9A19103F-16F7-4668-BE54-9A1E7A4F7556}") = "Churchee.Module.Settings.Tests", "test\Churchee.Module.Settings.Tests\Churchee.Module.Settings.Tests.csproj", "{167DAA1C-1EDE-4D4B-8564-FEC8EFD56899}"
EndProject
Project("{9A19103F-16F7-4668-BE54-9A1E7A4F7556}") = "Churchee.Blobstorage.Providers.Tests", "test\Churchee.Blobstorage.Providers.Tests\Churchee.Blobstorage.Providers.Tests.csproj", "{2E9E3EF2-BA0E-46DD-B0B2-1DA839FDA10E}"
EndProject
Project("{9A19103F-16F7-4668-BE54-9A1E7A4F7556}") = "Churchee.Module.Tokens.Tests", "test\Churchee.Module.Tokens.Tests\Churchee.Module.Tokens.Tests.csproj", "{F9A1B753-ADE8-4B4C-A01B-7877A0A749A2}"
EndProject
Project("{2150E333-8FDC-42A3-9474-1A3956D46DE8}") = "04. Integrations", "04. Integrations", "{332E7AE2-3FD8-4F68-9027-6C48B18ADAB1}"
EndProject
Project("{9A19103F-16F7-4668-BE54-9A1E7A4F7556}") = "Churchee.Module.Podcasts.Spotify.Tests", "test\Churchee.Module.Podcasts.Spotify.Tests\Churchee.Module.Podcasts.Spotify.Tests.csproj", "{9D3F489F-547C-4D2D-A0D0-A9352E5E4035}"
EndProject
Project("{9A19103F-16F7-4668-BE54-9A1E7A4F7556}") = "Churchee.Data.EntityFramework.Tests", "test\Churchee.Data.EntityFramework.Tests\Churchee.Data.EntityFramework.Tests.csproj", "{D6F5168B-DD5C-4259-A4B7-3958D88913F1}"
EndProject
Project("{9A19103F-16F7-4668-BE54-9A1E7A4F7556}") = "Churchee.EmailConfiguration.MailGun", "src\Churchee.EmailConfiguration.MailGun\Churchee.EmailConfiguration.MailGun.csproj", "{8320B9B4-577D-44AE-9349-C88CC9D05721}"
EndProject
Project("{FAE04EC0-301F-11D3-BF4B-00C04F79EFBC}") = "Churchee.EmailConfiguration.MailGun.Tests", "test\Churchee.EmailConfiguration.MailGun.Tests\Churchee.EmailConfiguration.MailGun.Tests.csproj", "{B6AA0E71-DF75-4FCC-B154-022146916927}"
EndProject
Global
	GlobalSection(SolutionConfigurationPlatforms) = preSolution
		Debug|Any CPU = Debug|Any CPU
		Release|Any CPU = Release|Any CPU
	EndGlobalSection
	GlobalSection(ProjectConfigurationPlatforms) = postSolution
		{A62FBC0D-8B53-4C72-BD7C-0F69CD5E9A97}.Debug|Any CPU.ActiveCfg = Debug|Any CPU
		{A62FBC0D-8B53-4C72-BD7C-0F69CD5E9A97}.Debug|Any CPU.Build.0 = Debug|Any CPU
		{A62FBC0D-8B53-4C72-BD7C-0F69CD5E9A97}.Release|Any CPU.ActiveCfg = Release|Any CPU
		{A62FBC0D-8B53-4C72-BD7C-0F69CD5E9A97}.Release|Any CPU.Build.0 = Release|Any CPU
		{4A7962B5-82CF-49EA-B879-3815E76F8951}.Debug|Any CPU.ActiveCfg = Debug|Any CPU
		{4A7962B5-82CF-49EA-B879-3815E76F8951}.Debug|Any CPU.Build.0 = Debug|Any CPU
		{4A7962B5-82CF-49EA-B879-3815E76F8951}.Release|Any CPU.ActiveCfg = Release|Any CPU
		{4A7962B5-82CF-49EA-B879-3815E76F8951}.Release|Any CPU.Build.0 = Release|Any CPU
		{CF8AD5AC-A765-4F9E-A5EE-937BE7E3145D}.Debug|Any CPU.ActiveCfg = Debug|Any CPU
		{CF8AD5AC-A765-4F9E-A5EE-937BE7E3145D}.Debug|Any CPU.Build.0 = Debug|Any CPU
		{CF8AD5AC-A765-4F9E-A5EE-937BE7E3145D}.Release|Any CPU.ActiveCfg = Release|Any CPU
		{CF8AD5AC-A765-4F9E-A5EE-937BE7E3145D}.Release|Any CPU.Build.0 = Release|Any CPU
		{6D4E9906-8320-4494-A6FD-F7990D23C238}.Debug|Any CPU.ActiveCfg = Debug|Any CPU
		{6D4E9906-8320-4494-A6FD-F7990D23C238}.Debug|Any CPU.Build.0 = Debug|Any CPU
		{6D4E9906-8320-4494-A6FD-F7990D23C238}.Release|Any CPU.ActiveCfg = Release|Any CPU
		{6D4E9906-8320-4494-A6FD-F7990D23C238}.Release|Any CPU.Build.0 = Release|Any CPU
		{85787A62-5B79-4D39-B1E3-CF6F0F97E360}.Debug|Any CPU.ActiveCfg = Debug|Any CPU
		{85787A62-5B79-4D39-B1E3-CF6F0F97E360}.Debug|Any CPU.Build.0 = Debug|Any CPU
		{85787A62-5B79-4D39-B1E3-CF6F0F97E360}.Release|Any CPU.ActiveCfg = Release|Any CPU
		{85787A62-5B79-4D39-B1E3-CF6F0F97E360}.Release|Any CPU.Build.0 = Release|Any CPU
		{08CDE956-2858-43AC-97BC-D2CF46CB9295}.Debug|Any CPU.ActiveCfg = Debug|Any CPU
		{08CDE956-2858-43AC-97BC-D2CF46CB9295}.Debug|Any CPU.Build.0 = Debug|Any CPU
		{08CDE956-2858-43AC-97BC-D2CF46CB9295}.Release|Any CPU.ActiveCfg = Release|Any CPU
		{08CDE956-2858-43AC-97BC-D2CF46CB9295}.Release|Any CPU.Build.0 = Release|Any CPU
		{A1F211C2-1B63-4021-882F-2980016C4577}.Debug|Any CPU.ActiveCfg = Debug|Any CPU
		{A1F211C2-1B63-4021-882F-2980016C4577}.Debug|Any CPU.Build.0 = Debug|Any CPU
		{A1F211C2-1B63-4021-882F-2980016C4577}.Release|Any CPU.ActiveCfg = Release|Any CPU
		{A1F211C2-1B63-4021-882F-2980016C4577}.Release|Any CPU.Build.0 = Release|Any CPU
		{2BC36094-ABD5-41BC-B569-30E7381A651D}.Debug|Any CPU.ActiveCfg = Debug|Any CPU
		{2BC36094-ABD5-41BC-B569-30E7381A651D}.Debug|Any CPU.Build.0 = Debug|Any CPU
		{2BC36094-ABD5-41BC-B569-30E7381A651D}.Release|Any CPU.ActiveCfg = Release|Any CPU
		{2BC36094-ABD5-41BC-B569-30E7381A651D}.Release|Any CPU.Build.0 = Release|Any CPU
		{E717164B-4BEB-4BD1-800D-5781C6E8A845}.Debug|Any CPU.ActiveCfg = Debug|Any CPU
		{E717164B-4BEB-4BD1-800D-5781C6E8A845}.Debug|Any CPU.Build.0 = Debug|Any CPU
		{E717164B-4BEB-4BD1-800D-5781C6E8A845}.Release|Any CPU.ActiveCfg = Release|Any CPU
		{E717164B-4BEB-4BD1-800D-5781C6E8A845}.Release|Any CPU.Build.0 = Release|Any CPU
		{648FF08E-3D4D-4DB2-8A4A-BE37A044C629}.Debug|Any CPU.ActiveCfg = Debug|Any CPU
		{648FF08E-3D4D-4DB2-8A4A-BE37A044C629}.Debug|Any CPU.Build.0 = Debug|Any CPU
		{648FF08E-3D4D-4DB2-8A4A-BE37A044C629}.Release|Any CPU.ActiveCfg = Release|Any CPU
		{648FF08E-3D4D-4DB2-8A4A-BE37A044C629}.Release|Any CPU.Build.0 = Release|Any CPU
		{8F2AF52D-A76C-43C8-A513-4DAFE6B9D4B5}.Debug|Any CPU.ActiveCfg = Debug|Any CPU
		{8F2AF52D-A76C-43C8-A513-4DAFE6B9D4B5}.Debug|Any CPU.Build.0 = Debug|Any CPU
		{8F2AF52D-A76C-43C8-A513-4DAFE6B9D4B5}.Release|Any CPU.ActiveCfg = Release|Any CPU
		{8F2AF52D-A76C-43C8-A513-4DAFE6B9D4B5}.Release|Any CPU.Build.0 = Release|Any CPU
		{75CF0356-6DF2-4FAB-BBE2-9D58F991B586}.Debug|Any CPU.ActiveCfg = Debug|Any CPU
		{75CF0356-6DF2-4FAB-BBE2-9D58F991B586}.Debug|Any CPU.Build.0 = Debug|Any CPU
		{75CF0356-6DF2-4FAB-BBE2-9D58F991B586}.Release|Any CPU.ActiveCfg = Release|Any CPU
		{75CF0356-6DF2-4FAB-BBE2-9D58F991B586}.Release|Any CPU.Build.0 = Release|Any CPU
		{E3BABF7D-70F1-4447-8CF8-4A3B578645C9}.Debug|Any CPU.ActiveCfg = Debug|Any CPU
		{E3BABF7D-70F1-4447-8CF8-4A3B578645C9}.Debug|Any CPU.Build.0 = Debug|Any CPU
		{E3BABF7D-70F1-4447-8CF8-4A3B578645C9}.Release|Any CPU.ActiveCfg = Release|Any CPU
		{E3BABF7D-70F1-4447-8CF8-4A3B578645C9}.Release|Any CPU.Build.0 = Release|Any CPU
		{C859277C-495F-499E-80ED-BC6B083BC302}.Debug|Any CPU.ActiveCfg = Debug|Any CPU
		{C859277C-495F-499E-80ED-BC6B083BC302}.Debug|Any CPU.Build.0 = Debug|Any CPU
		{C859277C-495F-499E-80ED-BC6B083BC302}.Release|Any CPU.ActiveCfg = Release|Any CPU
		{C859277C-495F-499E-80ED-BC6B083BC302}.Release|Any CPU.Build.0 = Release|Any CPU
		{48411FCA-2A9D-4435-B843-27FDCB32B0F6}.Debug|Any CPU.ActiveCfg = Debug|Any CPU
		{48411FCA-2A9D-4435-B843-27FDCB32B0F6}.Debug|Any CPU.Build.0 = Debug|Any CPU
		{48411FCA-2A9D-4435-B843-27FDCB32B0F6}.Release|Any CPU.ActiveCfg = Release|Any CPU
		{48411FCA-2A9D-4435-B843-27FDCB32B0F6}.Release|Any CPU.Build.0 = Release|Any CPU
		{38172A0C-EADB-412C-A1DD-0F37C8AC27D5}.Debug|Any CPU.ActiveCfg = Debug|Any CPU
		{38172A0C-EADB-412C-A1DD-0F37C8AC27D5}.Debug|Any CPU.Build.0 = Debug|Any CPU
		{38172A0C-EADB-412C-A1DD-0F37C8AC27D5}.Release|Any CPU.ActiveCfg = Release|Any CPU
		{38172A0C-EADB-412C-A1DD-0F37C8AC27D5}.Release|Any CPU.Build.0 = Release|Any CPU
		{BEDDD3B9-E9A9-4FC7-AECC-F9E1CAE092AC}.Debug|Any CPU.ActiveCfg = Debug|Any CPU
		{BEDDD3B9-E9A9-4FC7-AECC-F9E1CAE092AC}.Debug|Any CPU.Build.0 = Debug|Any CPU
		{BEDDD3B9-E9A9-4FC7-AECC-F9E1CAE092AC}.Release|Any CPU.ActiveCfg = Release|Any CPU
		{BEDDD3B9-E9A9-4FC7-AECC-F9E1CAE092AC}.Release|Any CPU.Build.0 = Release|Any CPU
		{530ED9E8-FF61-4E15-BC71-97E280CCF644}.Debug|Any CPU.ActiveCfg = Debug|Any CPU
		{530ED9E8-FF61-4E15-BC71-97E280CCF644}.Debug|Any CPU.Build.0 = Debug|Any CPU
		{530ED9E8-FF61-4E15-BC71-97E280CCF644}.Release|Any CPU.ActiveCfg = Release|Any CPU
		{530ED9E8-FF61-4E15-BC71-97E280CCF644}.Release|Any CPU.Build.0 = Release|Any CPU
		{3650CCC3-D9F3-4D5B-98CD-989BB299DDD6}.Debug|Any CPU.ActiveCfg = Debug|Any CPU
		{3650CCC3-D9F3-4D5B-98CD-989BB299DDD6}.Debug|Any CPU.Build.0 = Debug|Any CPU
		{3650CCC3-D9F3-4D5B-98CD-989BB299DDD6}.Release|Any CPU.ActiveCfg = Release|Any CPU
		{3650CCC3-D9F3-4D5B-98CD-989BB299DDD6}.Release|Any CPU.Build.0 = Release|Any CPU
		{C5623B36-B06B-4891-AD7C-5BE07714EB00}.Debug|Any CPU.ActiveCfg = Debug|Any CPU
		{C5623B36-B06B-4891-AD7C-5BE07714EB00}.Debug|Any CPU.Build.0 = Debug|Any CPU
		{C5623B36-B06B-4891-AD7C-5BE07714EB00}.Release|Any CPU.ActiveCfg = Release|Any CPU
		{C5623B36-B06B-4891-AD7C-5BE07714EB00}.Release|Any CPU.Build.0 = Release|Any CPU
		{BC3E24F4-7114-43DE-8DD4-D208C55E42A6}.Debug|Any CPU.ActiveCfg = Debug|Any CPU
		{BC3E24F4-7114-43DE-8DD4-D208C55E42A6}.Debug|Any CPU.Build.0 = Debug|Any CPU
		{BC3E24F4-7114-43DE-8DD4-D208C55E42A6}.Release|Any CPU.ActiveCfg = Release|Any CPU
		{BC3E24F4-7114-43DE-8DD4-D208C55E42A6}.Release|Any CPU.Build.0 = Release|Any CPU
		{E225B9EC-759A-4167-8423-FDBF6C10D624}.Debug|Any CPU.ActiveCfg = Debug|Any CPU
		{E225B9EC-759A-4167-8423-FDBF6C10D624}.Debug|Any CPU.Build.0 = Debug|Any CPU
		{E225B9EC-759A-4167-8423-FDBF6C10D624}.Release|Any CPU.ActiveCfg = Release|Any CPU
		{E225B9EC-759A-4167-8423-FDBF6C10D624}.Release|Any CPU.Build.0 = Release|Any CPU
		{0D5C5C6D-85AF-4791-914F-247C6DD94DD3}.Debug|Any CPU.ActiveCfg = Debug|Any CPU
		{0D5C5C6D-85AF-4791-914F-247C6DD94DD3}.Debug|Any CPU.Build.0 = Debug|Any CPU
		{0D5C5C6D-85AF-4791-914F-247C6DD94DD3}.Release|Any CPU.ActiveCfg = Release|Any CPU
		{0D5C5C6D-85AF-4791-914F-247C6DD94DD3}.Release|Any CPU.Build.0 = Release|Any CPU
		{EBCAB40B-3947-4C86-8EE2-B45A65D999AB}.Debug|Any CPU.ActiveCfg = Debug|Any CPU
		{EBCAB40B-3947-4C86-8EE2-B45A65D999AB}.Debug|Any CPU.Build.0 = Debug|Any CPU
		{EBCAB40B-3947-4C86-8EE2-B45A65D999AB}.Release|Any CPU.ActiveCfg = Release|Any CPU
		{EBCAB40B-3947-4C86-8EE2-B45A65D999AB}.Release|Any CPU.Build.0 = Release|Any CPU
		{F0F83575-A7C7-40F6-8C8F-E0E7F2C44C16}.Debug|Any CPU.ActiveCfg = Debug|Any CPU
		{F0F83575-A7C7-40F6-8C8F-E0E7F2C44C16}.Debug|Any CPU.Build.0 = Debug|Any CPU
		{F0F83575-A7C7-40F6-8C8F-E0E7F2C44C16}.Release|Any CPU.ActiveCfg = Release|Any CPU
		{F0F83575-A7C7-40F6-8C8F-E0E7F2C44C16}.Release|Any CPU.Build.0 = Release|Any CPU
		{7FDB01A9-0E57-47EE-A145-31236BB8A793}.Debug|Any CPU.ActiveCfg = Debug|Any CPU
		{7FDB01A9-0E57-47EE-A145-31236BB8A793}.Debug|Any CPU.Build.0 = Debug|Any CPU
		{7FDB01A9-0E57-47EE-A145-31236BB8A793}.Release|Any CPU.ActiveCfg = Release|Any CPU
		{7FDB01A9-0E57-47EE-A145-31236BB8A793}.Release|Any CPU.Build.0 = Release|Any CPU
		{167DAA1C-1EDE-4D4B-8564-FEC8EFD56899}.Debug|Any CPU.ActiveCfg = Debug|Any CPU
		{167DAA1C-1EDE-4D4B-8564-FEC8EFD56899}.Debug|Any CPU.Build.0 = Debug|Any CPU
		{167DAA1C-1EDE-4D4B-8564-FEC8EFD56899}.Release|Any CPU.ActiveCfg = Release|Any CPU
		{167DAA1C-1EDE-4D4B-8564-FEC8EFD56899}.Release|Any CPU.Build.0 = Release|Any CPU
		{2E9E3EF2-BA0E-46DD-B0B2-1DA839FDA10E}.Debug|Any CPU.ActiveCfg = Debug|Any CPU
		{2E9E3EF2-BA0E-46DD-B0B2-1DA839FDA10E}.Debug|Any CPU.Build.0 = Debug|Any CPU
		{2E9E3EF2-BA0E-46DD-B0B2-1DA839FDA10E}.Release|Any CPU.ActiveCfg = Release|Any CPU
		{2E9E3EF2-BA0E-46DD-B0B2-1DA839FDA10E}.Release|Any CPU.Build.0 = Release|Any CPU
		{F9A1B753-ADE8-4B4C-A01B-7877A0A749A2}.Debug|Any CPU.ActiveCfg = Debug|Any CPU
		{F9A1B753-ADE8-4B4C-A01B-7877A0A749A2}.Debug|Any CPU.Build.0 = Debug|Any CPU
		{F9A1B753-ADE8-4B4C-A01B-7877A0A749A2}.Release|Any CPU.ActiveCfg = Release|Any CPU
		{F9A1B753-ADE8-4B4C-A01B-7877A0A749A2}.Release|Any CPU.Build.0 = Release|Any CPU
		{9D3F489F-547C-4D2D-A0D0-A9352E5E4035}.Debug|Any CPU.ActiveCfg = Debug|Any CPU
		{9D3F489F-547C-4D2D-A0D0-A9352E5E4035}.Debug|Any CPU.Build.0 = Debug|Any CPU
		{9D3F489F-547C-4D2D-A0D0-A9352E5E4035}.Release|Any CPU.ActiveCfg = Release|Any CPU
		{9D3F489F-547C-4D2D-A0D0-A9352E5E4035}.Release|Any CPU.Build.0 = Release|Any CPU
		{D6F5168B-DD5C-4259-A4B7-3958D88913F1}.Debug|Any CPU.ActiveCfg = Debug|Any CPU
		{D6F5168B-DD5C-4259-A4B7-3958D88913F1}.Debug|Any CPU.Build.0 = Debug|Any CPU
		{D6F5168B-DD5C-4259-A4B7-3958D88913F1}.Release|Any CPU.ActiveCfg = Release|Any CPU
		{D6F5168B-DD5C-4259-A4B7-3958D88913F1}.Release|Any CPU.Build.0 = Release|Any CPU
		{8320B9B4-577D-44AE-9349-C88CC9D05721}.Debug|Any CPU.ActiveCfg = Debug|Any CPU
		{8320B9B4-577D-44AE-9349-C88CC9D05721}.Debug|Any CPU.Build.0 = Debug|Any CPU
		{8320B9B4-577D-44AE-9349-C88CC9D05721}.Release|Any CPU.ActiveCfg = Release|Any CPU
		{8320B9B4-577D-44AE-9349-C88CC9D05721}.Release|Any CPU.Build.0 = Release|Any CPU
		{B6AA0E71-DF75-4FCC-B154-022146916927}.Debug|Any CPU.ActiveCfg = Debug|Any CPU
		{B6AA0E71-DF75-4FCC-B154-022146916927}.Debug|Any CPU.Build.0 = Debug|Any CPU
		{B6AA0E71-DF75-4FCC-B154-022146916927}.Release|Any CPU.ActiveCfg = Release|Any CPU
		{B6AA0E71-DF75-4FCC-B154-022146916927}.Release|Any CPU.Build.0 = Release|Any CPU
	EndGlobalSection
	GlobalSection(SolutionProperties) = preSolution
		HideSolutionNode = FALSE
	EndGlobalSection
	GlobalSection(NestedProjects) = preSolution
		{A62FBC0D-8B53-4C72-BD7C-0F69CD5E9A97} = {F8E51249-6D0B-4EFE-906D-B263DDAA322B}
		{4A7962B5-82CF-49EA-B879-3815E76F8951} = {C4D09CE5-B353-466C-85D4-A0CD5523645A}
		{CF8AD5AC-A765-4F9E-A5EE-937BE7E3145D} = {C4D09CE5-B353-466C-85D4-A0CD5523645A}
		{6D4E9906-8320-4494-A6FD-F7990D23C238} = {749A1ACB-BC82-4837-BF45-80805734080C}
		{85787A62-5B79-4D39-B1E3-CF6F0F97E360} = {4486B06F-87D4-4920-90BC-5F15BA7376F4}
		{08CDE956-2858-43AC-97BC-D2CF46CB9295} = {C4D09CE5-B353-466C-85D4-A0CD5523645A}
		{2BC36094-ABD5-41BC-B569-30E7381A651D} = {4486B06F-87D4-4920-90BC-5F15BA7376F4}
		{E717164B-4BEB-4BD1-800D-5781C6E8A845} = {4486B06F-87D4-4920-90BC-5F15BA7376F4}
		{648FF08E-3D4D-4DB2-8A4A-BE37A044C629} = {C4D09CE5-B353-466C-85D4-A0CD5523645A}
		{8F2AF52D-A76C-43C8-A513-4DAFE6B9D4B5} = {C4D09CE5-B353-466C-85D4-A0CD5523645A}
		{75CF0356-6DF2-4FAB-BBE2-9D58F991B586} = {C4D09CE5-B353-466C-85D4-A0CD5523645A}
		{E3BABF7D-70F1-4447-8CF8-4A3B578645C9} = {C4D09CE5-B353-466C-85D4-A0CD5523645A}
		{C859277C-495F-499E-80ED-BC6B083BC302} = {C4D09CE5-B353-466C-85D4-A0CD5523645A}
		{48411FCA-2A9D-4435-B843-27FDCB32B0F6} = {E3751D10-04F1-4E02-B6A2-9BFDB4AAB851}
		{38172A0C-EADB-412C-A1DD-0F37C8AC27D5} = {D08B744E-F51D-40B6-A50D-BD238AA20405}
		{BEDDD3B9-E9A9-4FC7-AECC-F9E1CAE092AC} = {187811C7-20D5-435D-83B8-042B3227E714}
		{D08B744E-F51D-40B6-A50D-BD238AA20405} = {1FD7F6EF-D918-4F8C-A7B3-D4476B48EE8D}
		{187811C7-20D5-435D-83B8-042B3227E714} = {1FD7F6EF-D918-4F8C-A7B3-D4476B48EE8D}
		{530ED9E8-FF61-4E15-BC71-97E280CCF644} = {187811C7-20D5-435D-83B8-042B3227E714}
		{3650CCC3-D9F3-4D5B-98CD-989BB299DDD6} = {E3751D10-04F1-4E02-B6A2-9BFDB4AAB851}
		{C5623B36-B06B-4891-AD7C-5BE07714EB00} = {C4D09CE5-B353-466C-85D4-A0CD5523645A}
		{BC3E24F4-7114-43DE-8DD4-D208C55E42A6} = {187811C7-20D5-435D-83B8-042B3227E714}
		{E225B9EC-759A-4167-8423-FDBF6C10D624} = {187811C7-20D5-435D-83B8-042B3227E714}
		{0D5C5C6D-85AF-4791-914F-247C6DD94DD3} = {187811C7-20D5-435D-83B8-042B3227E714}
		{4B48BE94-D6FB-438A-BFCB-C098EDD771F3} = {1FD7F6EF-D918-4F8C-A7B3-D4476B48EE8D}
		{EBCAB40B-3947-4C86-8EE2-B45A65D999AB} = {4B48BE94-D6FB-438A-BFCB-C098EDD771F3}
		{F0F83575-A7C7-40F6-8C8F-E0E7F2C44C16} = {C4D09CE5-B353-466C-85D4-A0CD5523645A}
		{7FDB01A9-0E57-47EE-A145-31236BB8A793} = {187811C7-20D5-435D-83B8-042B3227E714}
		{167DAA1C-1EDE-4D4B-8564-FEC8EFD56899} = {187811C7-20D5-435D-83B8-042B3227E714}
		{2E9E3EF2-BA0E-46DD-B0B2-1DA839FDA10E} = {4B48BE94-D6FB-438A-BFCB-C098EDD771F3}
		{F9A1B753-ADE8-4B4C-A01B-7877A0A749A2} = {187811C7-20D5-435D-83B8-042B3227E714}
		{332E7AE2-3FD8-4F68-9027-6C48B18ADAB1} = {1FD7F6EF-D918-4F8C-A7B3-D4476B48EE8D}
		{9D3F489F-547C-4D2D-A0D0-A9352E5E4035} = {332E7AE2-3FD8-4F68-9027-6C48B18ADAB1}
		{D6F5168B-DD5C-4259-A4B7-3958D88913F1} = {4B48BE94-D6FB-438A-BFCB-C098EDD771F3}
		{8320B9B4-577D-44AE-9349-C88CC9D05721} = {4486B06F-87D4-4920-90BC-5F15BA7376F4}
		{B6AA0E71-DF75-4FCC-B154-022146916927} = {4B48BE94-D6FB-438A-BFCB-C098EDD771F3}
	EndGlobalSection
	GlobalSection(ExtensibilityGlobals) = postSolution
		SolutionGuid = {456111D9-BD96-4D2E-94D6-42EF29980C0B}
	EndGlobalSection
EndGlobal
